
Microsoft Visual Studio Solution File, Format Version 12.00
# Visual Studio Version 17
VisualStudioVersion = 17.5.33627.172
MinimumVisualStudioVersion = 10.0.40219.1
Project("{FAE04EC0-301F-11D3-BF4B-00C04F79EFBC}") = "App1.Android", "App1\App1.Android\App1.Android.csproj", "{9B38F7A3-C9A9-4036-8B3A-691F7BFE74F3}"
EndProject
Project("{FAE04EC0-301F-11D3-BF4B-00C04F79EFBC}") = "App1.iOS", "App1\App1.iOS\App1.iOS.csproj", "{A77B72C4-F783-4774-8B32-93491224BF3B}"
EndProject
Project("{FAE04EC0-301F-11D3-BF4B-00C04F79EFBC}") = "App1", "App1\App1\App1.csproj", "{364701DB-A1F0-4F09-954C-0D3B95F23A89}"
EndProject
Global
	GlobalSection(SolutionConfigurationPlatforms) = preSolution
		Debug|Any CPU = Debug|Any CPU
		Debug|iPhone = Debug|iPhone
		Debug|iPhoneSimulator = Debug|iPhoneSimulator
		Release|Any CPU = Release|Any CPU
		Release|iPhone = Release|iPhone
		Release|iPhoneSimulator = Release|iPhoneSimulator
	EndGlobalSection
	GlobalSection(ProjectConfigurationPlatforms) = postSolution
		{9B38F7A3-C9A9-4036-8B3A-691F7BFE74F3}.Debug|Any CPU.ActiveCfg = Debug|Any CPU
		{9B38F7A3-C9A9-4036-8B3A-691F7BFE74F3}.Debug|Any CPU.Build.0 = Debug|Any CPU
		{9B38F7A3-C9A9-4036-8B3A-691F7BFE74F3}.Debug|Any CPU.Deploy.0 = Debug|Any CPU
		{9B38F7A3-C9A9-4036-8B3A-691F7BFE74F3}.Debug|iPhone.ActiveCfg = Debug|Any CPU
		{9B38F7A3-C9A9-4036-8B3A-691F7BFE74F3}.Debug|iPhone.Build.0 = Debug|Any CPU
		{9B38F7A3-C9A9-4036-8B3A-691F7BFE74F3}.Debug|iPhone.Deploy.0 = Debug|Any CPU
		{9B38F7A3-C9A9-4036-8B3A-691F7BFE74F3}.Debug|iPhoneSimulator.ActiveCfg = Debug|Any CPU
		{9B38F7A3-C9A9-4036-8B3A-691F7BFE74F3}.Debug|iPhoneSimulator.Build.0 = Debug|Any CPU
		{9B38F7A3-C9A9-4036-8B3A-691F7BFE74F3}.Debug|iPhoneSimulator.Deploy.0 = Debug|Any CPU
		{9B38F7A3-C9A9-4036-8B3A-691F7BFE74F3}.Release|Any CPU.ActiveCfg = Release|Any CPU
		{9B38F7A3-C9A9-4036-8B3A-691F7BFE74F3}.Release|Any CPU.Build.0 = Release|Any CPU
		{9B38F7A3-C9A9-4036-8B3A-691F7BFE74F3}.Release|Any CPU.Deploy.0 = Release|Any CPU
		{9B38F7A3-C9A9-4036-8B3A-691F7BFE74F3}.Release|iPhone.ActiveCfg = Release|Any CPU
		{9B38F7A3-C9A9-4036-8B3A-691F7BFE74F3}.Release|iPhone.Build.0 = Release|Any CPU
		{9B38F7A3-C9A9-4036-8B3A-691F7BFE74F3}.Release|iPhone.Deploy.0 = Release|Any CPU
		{9B38F7A3-C9A9-4036-8B3A-691F7BFE74F3}.Release|iPhoneSimulator.ActiveCfg = Release|Any CPU
		{9B38F7A3-C9A9-4036-8B3A-691F7BFE74F3}.Release|iPhoneSimulator.Build.0 = Release|Any CPU
		{9B38F7A3-C9A9-4036-8B3A-691F7BFE74F3}.Release|iPhoneSimulator.Deploy.0 = Release|Any CPU
		{A77B72C4-F783-4774-8B32-93491224BF3B}.Debug|Any CPU.ActiveCfg = Debug|iPhone
		{A77B72C4-F783-4774-8B32-93491224BF3B}.Debug|Any CPU.Build.0 = Debug|iPhone
		{A77B72C4-F783-4774-8B32-93491224BF3B}.Debug|Any CPU.Deploy.0 = Debug|iPhone
		{A77B72C4-F783-4774-8B32-93491224BF3B}.Debug|iPhone.ActiveCfg = Debug|iPhone
		{A77B72C4-F783-4774-8B32-93491224BF3B}.Debug|iPhone.Build.0 = Debug|iPhone
		{A77B72C4-F783-4774-8B32-93491224BF3B}.Debug|iPhone.Deploy.0 = Debug|iPhone
		{A77B72C4-F783-4774-8B32-93491224BF3B}.Debug|iPhoneSimulator.ActiveCfg = Debug|iPhoneSimulator
		{A77B72C4-F783-4774-8B32-93491224BF3B}.Debug|iPhoneSimulator.Build.0 = Debug|iPhoneSimulator
		{A77B72C4-F783-4774-8B32-93491224BF3B}.Debug|iPhoneSimulator.Deploy.0 = Debug|iPhoneSimulator
		{A77B72C4-F783-4774-8B32-93491224BF3B}.Release|Any CPU.ActiveCfg = Release|iPhoneSimulator
		{A77B72C4-F783-4774-8B32-93491224BF3B}.Release|Any CPU.Build.0 = Release|iPhoneSimulator
		{A77B72C4-F783-4774-8B32-93491224BF3B}.Release|Any CPU.Deploy.0 = Release|iPhoneSimulator
		{A77B72C4-F783-4774-8B32-93491224BF3B}.Release|iPhone.ActiveCfg = Release|iPhone
		{A77B72C4-F783-4774-8B32-93491224BF3B}.Release|iPhone.Build.0 = Release|iPhone
		{A77B72C4-F783-4774-8B32-93491224BF3B}.Release|iPhone.Deploy.0 = Release|iPhone
		{A77B72C4-F783-4774-8B32-93491224BF3B}.Release|iPhoneSimulator.ActiveCfg = Release|iPhoneSimulator
		{A77B72C4-F783-4774-8B32-93491224BF3B}.Release|iPhoneSimulator.Build.0 = Release|iPhoneSimulator
		{A77B72C4-F783-4774-8B32-93491224BF3B}.Release|iPhoneSimulator.Deploy.0 = Release|iPhoneSimulator
		{364701DB-A1F0-4F09-954C-0D3B95F23A89}.Debug|Any CPU.ActiveCfg = Debug|Any CPU
		{364701DB-A1F0-4F09-954C-0D3B95F23A89}.Debug|Any CPU.Build.0 = Debug|Any CPU
		{364701DB-A1F0-4F09-954C-0D3B95F23A89}.Debug|Any CPU.Deploy.0 = Debug|Any CPU
		{364701DB-A1F0-4F09-954C-0D3B95F23A89}.Debug|iPhone.ActiveCfg = Debug|Any CPU
		{364701DB-A1F0-4F09-954C-0D3B95F23A89}.Debug|iPhone.Build.0 = Debug|Any CPU
		{364701DB-A1F0-4F09-954C-0D3B95F23A89}.Debug|iPhone.Deploy.0 = Debug|Any CPU
		{364701DB-A1F0-4F09-954C-0D3B95F23A89}.Debug|iPhoneSimulator.ActiveCfg = Debug|Any CPU
		{364701DB-A1F0-4F09-954C-0D3B95F23A89}.Debug|iPhoneSimulator.Build.0 = Debug|Any CPU
		{364701DB-A1F0-4F09-954C-0D3B95F23A89}.Debug|iPhoneSimulator.Deploy.0 = Debug|Any CPU
		{364701DB-A1F0-4F09-954C-0D3B95F23A89}.Release|Any CPU.ActiveCfg = Release|Any CPU
		{364701DB-A1F0-4F09-954C-0D3B95F23A89}.Release|Any CPU.Build.0 = Release|Any CPU
		{364701DB-A1F0-4F09-954C-0D3B95F23A89}.Release|Any CPU.Deploy.0 = Release|Any CPU
		{364701DB-A1F0-4F09-954C-0D3B95F23A89}.Release|iPhone.ActiveCfg = Release|Any CPU
		{364701DB-A1F0-4F09-954C-0D3B95F23A89}.Release|iPhone.Build.0 = Release|Any CPU
		{364701DB-A1F0-4F09-954C-0D3B95F23A89}.Release|iPhone.Deploy.0 = Release|Any CPU
		{364701DB-A1F0-4F09-954C-0D3B95F23A89}.Release|iPhoneSimulator.ActiveCfg = Release|Any CPU
		{364701DB-A1F0-4F09-954C-0D3B95F23A89}.Release|iPhoneSimulator.Build.0 = Release|Any CPU
		{364701DB-A1F0-4F09-954C-0D3B95F23A89}.Release|iPhoneSimulator.Deploy.0 = Release|Any CPU
	EndGlobalSection
	GlobalSection(SolutionProperties) = preSolution
		HideSolutionNode = FALSE
	EndGlobalSection
	GlobalSection(ExtensibilityGlobals) = postSolution
		SolutionGuid = {9172BFC5-D212-4C40-9200-F427F379196C}
	EndGlobalSection
EndGlobal
